
Microsoft Visual Studio Solution File, Format Version 12.00
# Visual Studio Version 17
VisualStudioVersion = 17.4.33403.182
MinimumVisualStudioVersion = 10.0.40219.1
Project("{FAE04EC0-301F-11D3-BF4B-00C04F79EFBC}") = "essentials-minimal-room-epi", "Essentials-minimal-room-epi\essentials-minimal-room-epi.csproj", "{1EF24729-6B03-4019-8ACB-19202F0CF9C0}"
EndProject
Project("{FAE04EC0-301F-11D3-BF4B-00C04F79EFBC}") = "essentials-minimal-tp", "essentials-minimal-tp\essentials-minimal-tp.csproj", "{D47AD0AF-2C9E-43B4-BE13-75260E1E2921}"
EndProject
Global
	GlobalSection(SolutionConfigurationPlatforms) = preSolution
		Debug|Any CPU = Debug|Any CPU
		Release|Any CPU = Release|Any CPU
	EndGlobalSection
	GlobalSection(ProjectConfigurationPlatforms) = postSolution
		{1EF24729-6B03-4019-8ACB-19202F0CF9C0}.Debug|Any CPU.ActiveCfg = Debug|Any CPU
		{1EF24729-6B03-4019-8ACB-19202F0CF9C0}.Debug|Any CPU.Build.0 = Debug|Any CPU
		{1EF24729-6B03-4019-8ACB-19202F0CF9C0}.Release|Any CPU.ActiveCfg = Release|Any CPU
		{1EF24729-6B03-4019-8ACB-19202F0CF9C0}.Release|Any CPU.Build.0 = Release|Any CPU
		{D47AD0AF-2C9E-43B4-BE13-75260E1E2921}.Debug|Any CPU.ActiveCfg = Debug|Any CPU
		{D47AD0AF-2C9E-43B4-BE13-75260E1E2921}.Debug|Any CPU.Build.0 = Debug|Any CPU
		{D47AD0AF-2C9E-43B4-BE13-75260E1E2921}.Release|Any CPU.ActiveCfg = Release|Any CPU
		{D47AD0AF-2C9E-43B4-BE13-75260E1E2921}.Release|Any CPU.Build.0 = Release|Any CPU
	EndGlobalSection
	GlobalSection(SolutionProperties) = preSolution
		HideSolutionNode = FALSE
	EndGlobalSection
	GlobalSection(ExtensibilityGlobals) = postSolution
		SolutionGuid = {DCADD10E-0F2E-4E5C-AA26-68145A4FD754}
	EndGlobalSection
EndGlobal
