
Microsoft Visual Studio Solution File, Format Version 12.00
# Visual Studio Version 17
VisualStudioVersion = 17.4.33403.182
MinimumVisualStudioVersion = 10.0.40219.1
Project("{FAE04EC0-301F-11D3-BF4B-00C04F79EFBC}") = "essentials-basic-room-epi", "essentials-basic-room-epi\essentials-basic-room-epi.csproj", "{3E02629D-019E-4CB4-B172-771976533974}"
EndProject
Project("{FAE04EC0-301F-11D3-BF4B-00C04F79EFBC}") = "essentials-basic-tp-with-pin-epi", "essentials-basic-tp-with-pin-epi\essentials-basic-tp-with-pin-epi.csproj", "{A29EB9DA-C65B-4B0D-B162-4761C6F65AC2}"
EndProject
Project("{FAE04EC0-301F-11D3-BF4B-00C04F79EFBC}") = "essentials-basic-tp-epi", "essentials-basic-tp-epi\essentials-basic-tp-epi.csproj", "{93BABD28-EC75-41C9-9E69-EB3477340E1A}"
EndProject
Project("{FAE04EC0-301F-11D3-BF4B-00C04F79EFBC}") = "essentials-basic-audio-tp", "essentials-basic-audio-tp\essentials-basic-audio-tp.csproj", "{BEDD69D2-6764-4EB4-BCB3-9611380532F4}"
EndProject
Project("{FAE04EC0-301F-11D3-BF4B-00C04F79EFBC}") = "essentials-basic-audio-room", "essentials-basic-audio-room\essentials-basic-audio-room.csproj", "{89010CC2-07CA-44F1-A34A-539BFFEB0FE0}"
EndProject
Global
	GlobalSection(SolutionConfigurationPlatforms) = preSolution
		Debug|Any CPU = Debug|Any CPU
		Release|Any CPU = Release|Any CPU
	EndGlobalSection
	GlobalSection(ProjectConfigurationPlatforms) = postSolution
		{3E02629D-019E-4CB4-B172-771976533974}.Debug|Any CPU.ActiveCfg = Debug|Any CPU
		{3E02629D-019E-4CB4-B172-771976533974}.Debug|Any CPU.Build.0 = Debug|Any CPU
		{3E02629D-019E-4CB4-B172-771976533974}.Release|Any CPU.ActiveCfg = Release|Any CPU
		{3E02629D-019E-4CB4-B172-771976533974}.Release|Any CPU.Build.0 = Release|Any CPU
		{A29EB9DA-C65B-4B0D-B162-4761C6F65AC2}.Debug|Any CPU.ActiveCfg = Debug|Any CPU
		{A29EB9DA-C65B-4B0D-B162-4761C6F65AC2}.Debug|Any CPU.Build.0 = Debug|Any CPU
		{A29EB9DA-C65B-4B0D-B162-4761C6F65AC2}.Release|Any CPU.ActiveCfg = Release|Any CPU
		{A29EB9DA-C65B-4B0D-B162-4761C6F65AC2}.Release|Any CPU.Build.0 = Release|Any CPU
		{93BABD28-EC75-41C9-9E69-EB3477340E1A}.Debug|Any CPU.ActiveCfg = Debug|Any CPU
		{93BABD28-EC75-41C9-9E69-EB3477340E1A}.Debug|Any CPU.Build.0 = Debug|Any CPU
		{93BABD28-EC75-41C9-9E69-EB3477340E1A}.Release|Any CPU.ActiveCfg = Release|Any CPU
		{93BABD28-EC75-41C9-9E69-EB3477340E1A}.Release|Any CPU.Build.0 = Release|Any CPU
		{BEDD69D2-6764-4EB4-BCB3-9611380532F4}.Debug|Any CPU.ActiveCfg = Debug|Any CPU
		{BEDD69D2-6764-4EB4-BCB3-9611380532F4}.Debug|Any CPU.Build.0 = Debug|Any CPU
		{BEDD69D2-6764-4EB4-BCB3-9611380532F4}.Release|Any CPU.ActiveCfg = Release|Any CPU
		{BEDD69D2-6764-4EB4-BCB3-9611380532F4}.Release|Any CPU.Build.0 = Release|Any CPU
		{89010CC2-07CA-44F1-A34A-539BFFEB0FE0}.Debug|Any CPU.ActiveCfg = Debug|Any CPU
		{89010CC2-07CA-44F1-A34A-539BFFEB0FE0}.Debug|Any CPU.Build.0 = Debug|Any CPU
		{89010CC2-07CA-44F1-A34A-539BFFEB0FE0}.Release|Any CPU.ActiveCfg = Release|Any CPU
		{89010CC2-07CA-44F1-A34A-539BFFEB0FE0}.Release|Any CPU.Build.0 = Release|Any CPU
	EndGlobalSection
	GlobalSection(SolutionProperties) = preSolution
		HideSolutionNode = FALSE
	EndGlobalSection
	GlobalSection(ExtensibilityGlobals) = postSolution
		SolutionGuid = {47512A77-B950-493F-9779-84EB2B0B9432}
	EndGlobalSection
EndGlobal
