
Microsoft Visual Studio Solution File, Format Version 12.00
# Visual Studio Version 17
VisualStudioVersion = 17.4.33403.182
MinimumVisualStudioVersion = 10.0.40219.1
Project("{FAE04EC0-301F-11D3-BF4B-00C04F79EFBC}") = "avit-essentials-common", "essentials-custom-lib\avit-essentials-common.csproj", "{8711E421-9039-4879-995B-54C4F845A628}"
EndProject
Project("{FAE04EC0-301F-11D3-BF4B-00C04F79EFBC}") = "essentials-advanced-tp", "essentials-advanced-tp\essentials-advanced-tp.csproj", "{0B54F5EA-CAFE-40BD-B9D0-F6A836D9889D}"
EndProject
Project("{FAE04EC0-301F-11D3-BF4B-00C04F79EFBC}") = "essentials-advanced-room", "essentials-advanced-room\essentials-advanced-room.csproj", "{37929000-6B13-4A39-9F45-5EE98CC51C79}"
EndProject
Global
	GlobalSection(SolutionConfigurationPlatforms) = preSolution
		Debug|Any CPU = Debug|Any CPU
		Release|Any CPU = Release|Any CPU
	EndGlobalSection
	GlobalSection(ProjectConfigurationPlatforms) = postSolution
		{8711E421-9039-4879-995B-54C4F845A628}.Debug|Any CPU.ActiveCfg = Debug|Any CPU
		{8711E421-9039-4879-995B-54C4F845A628}.Debug|Any CPU.Build.0 = Debug|Any CPU
		{8711E421-9039-4879-995B-54C4F845A628}.Release|Any CPU.ActiveCfg = Release|Any CPU
		{8711E421-9039-4879-995B-54C4F845A628}.Release|Any CPU.Build.0 = Release|Any CPU
		{0B54F5EA-CAFE-40BD-B9D0-F6A836D9889D}.Debug|Any CPU.ActiveCfg = Debug|Any CPU
		{0B54F5EA-CAFE-40BD-B9D0-F6A836D9889D}.Debug|Any CPU.Build.0 = Debug|Any CPU
		{0B54F5EA-CAFE-40BD-B9D0-F6A836D9889D}.Release|Any CPU.ActiveCfg = Release|Any CPU
		{0B54F5EA-CAFE-40BD-B9D0-F6A836D9889D}.Release|Any CPU.Build.0 = Release|Any CPU
		{37929000-6B13-4A39-9F45-5EE98CC51C79}.Debug|Any CPU.ActiveCfg = Debug|Any CPU
		{37929000-6B13-4A39-9F45-5EE98CC51C79}.Debug|Any CPU.Build.0 = Debug|Any CPU
		{37929000-6B13-4A39-9F45-5EE98CC51C79}.Release|Any CPU.ActiveCfg = Release|Any CPU
		{37929000-6B13-4A39-9F45-5EE98CC51C79}.Release|Any CPU.Build.0 = Release|Any CPU
	EndGlobalSection
	GlobalSection(SolutionProperties) = preSolution
		HideSolutionNode = FALSE
	EndGlobalSection
	GlobalSection(ExtensibilityGlobals) = postSolution
		SolutionGuid = {47512A77-B950-493F-9779-84EB2B0B9432}
	EndGlobalSection
EndGlobal
